// !$*UTF8*$!
{
	archiveVersion = 1;
	classes = {
	};
	objectVersion = 46;
	objects = {

/* Begin PBXBuildFile section */
		7940BD631E53180400681A62 /* Friends.framework in Frameworks */ = {isa = PBXBuildFile; fileRef = 7940BD591E53180400681A62 /* Friends.framework */; };
		7940BD681E53180400681A62 /* FriendsTests.swift in Sources */ = {isa = PBXBuildFile; fileRef = 7940BD671E53180400681A62 /* FriendsTests.swift */; };
		7940BD6A1E53180400681A62 /* Friends.h in Headers */ = {isa = PBXBuildFile; fileRef = 7940BD5C1E53180400681A62 /* Friends.h */; settings = {ATTRIBUTES = (Public, ); }; };
		7940BD741E53181A00681A62 /* FriendsType.swift in Sources */ = {isa = PBXBuildFile; fileRef = 7940BD731E53181A00681A62 /* FriendsType.swift */; };
		7940BD761E53185200681A62 /* Serval.swift in Sources */ = {isa = PBXBuildFile; fileRef = 7940BD751E53185200681A62 /* Serval.swift */; };
		7940BD781E53186F00681A62 /* Message.swift in Sources */ = {isa = PBXBuildFile; fileRef = 7940BD771E53186F00681A62 /* Message.swift */; };
/* End PBXBuildFile section */

/* Begin PBXContainerItemProxy section */
		7940BD641E53180400681A62 /* PBXContainerItemProxy */ = {
			isa = PBXContainerItemProxy;
			containerPortal = 7940BD501E53180300681A62 /* Project object */;
			proxyType = 1;
			remoteGlobalIDString = 7940BD581E53180400681A62;
			remoteInfo = Friends;
		};
/* End PBXContainerItemProxy section */

/* Begin PBXFileReference section */
		7940BD591E53180400681A62 /* Friends.framework */ = {isa = PBXFileReference; explicitFileType = wrapper.framework; includeInIndex = 0; path = Friends.framework; sourceTree = BUILT_PRODUCTS_DIR; };
		7940BD5C1E53180400681A62 /* Friends.h */ = {isa = PBXFileReference; lastKnownFileType = sourcecode.c.h; path = Friends.h; sourceTree = "<group>"; };
		7940BD5D1E53180400681A62 /* Info.plist */ = {isa = PBXFileReference; lastKnownFileType = text.plist.xml; path = Info.plist; sourceTree = "<group>"; };
		7940BD621E53180400681A62 /* FriendsTests.xctest */ = {isa = PBXFileReference; explicitFileType = wrapper.cfbundle; includeInIndex = 0; path = FriendsTests.xctest; sourceTree = BUILT_PRODUCTS_DIR; };
		7940BD671E53180400681A62 /* FriendsTests.swift */ = {isa = PBXFileReference; lastKnownFileType = sourcecode.swift; path = FriendsTests.swift; sourceTree = "<group>"; };
		7940BD691E53180400681A62 /* Info.plist */ = {isa = PBXFileReference; lastKnownFileType = text.plist.xml; path = Info.plist; sourceTree = "<group>"; };
		7940BD731E53181A00681A62 /* FriendsType.swift */ = {isa = PBXFileReference; fileEncoding = 4; lastKnownFileType = sourcecode.swift; path = FriendsType.swift; sourceTree = "<group>"; };
		7940BD751E53185200681A62 /* Serval.swift */ = {isa = PBXFileReference; fileEncoding = 4; lastKnownFileType = sourcecode.swift; path = Serval.swift; sourceTree = "<group>"; };
		7940BD771E53186F00681A62 /* Message.swift */ = {isa = PBXFileReference; fileEncoding = 4; lastKnownFileType = sourcecode.swift; path = Message.swift; sourceTree = "<group>"; };
/* End PBXFileReference section */

/* Begin PBXFrameworksBuildPhase section */
		7940BD551E53180400681A62 /* Frameworks */ = {
			isa = PBXFrameworksBuildPhase;
			buildActionMask = 2147483647;
			files = (
			);
			runOnlyForDeploymentPostprocessing = 0;
		};
		7940BD5F1E53180400681A62 /* Frameworks */ = {
			isa = PBXFrameworksBuildPhase;
			buildActionMask = 2147483647;
			files = (
				7940BD631E53180400681A62 /* Friends.framework in Frameworks */,
			);
			runOnlyForDeploymentPostprocessing = 0;
		};
/* End PBXFrameworksBuildPhase section */

/* Begin PBXGroup section */
		7940BD4F1E53180300681A62 = {
			isa = PBXGroup;
			children = (
				7940BD5B1E53180400681A62 /* Friends */,
				7940BD661E53180400681A62 /* FriendsTests */,
				7940BD5A1E53180400681A62 /* Products */,
			);
			sourceTree = "<group>";
		};
		7940BD5A1E53180400681A62 /* Products */ = {
			isa = PBXGroup;
			children = (
				7940BD591E53180400681A62 /* Friends.framework */,
				7940BD621E53180400681A62 /* FriendsTests.xctest */,
			);
			name = Products;
			sourceTree = "<group>";
		};
		7940BD5B1E53180400681A62 /* Friends */ = {
			isa = PBXGroup;
			children = (
				7940BD5C1E53180400681A62 /* Friends.h */,
				7940BD771E53186F00681A62 /* Message.swift */,
				7940BD731E53181A00681A62 /* FriendsType.swift */,
				7940BD751E53185200681A62 /* Serval.swift */,
				7940BD5D1E53180400681A62 /* Info.plist */,
			);
			path = Friends;
			sourceTree = "<group>";
		};
		7940BD661E53180400681A62 /* FriendsTests */ = {
			isa = PBXGroup;
			children = (
				7940BD671E53180400681A62 /* FriendsTests.swift */,
				7940BD691E53180400681A62 /* Info.plist */,
			);
			path = FriendsTests;
			sourceTree = "<group>";
		};
/* End PBXGroup section */

/* Begin PBXHeadersBuildPhase section */
		7940BD561E53180400681A62 /* Headers */ = {
			isa = PBXHeadersBuildPhase;
			buildActionMask = 2147483647;
			files = (
				7940BD6A1E53180400681A62 /* Friends.h in Headers */,
			);
			runOnlyForDeploymentPostprocessing = 0;
		};
/* End PBXHeadersBuildPhase section */

/* Begin PBXNativeTarget section */
		7940BD581E53180400681A62 /* Friends */ = {
			isa = PBXNativeTarget;
			buildConfigurationList = 7940BD6D1E53180400681A62 /* Build configuration list for PBXNativeTarget "Friends" */;
			buildPhases = (
				7940BD541E53180400681A62 /* Sources */,
				7940BD551E53180400681A62 /* Frameworks */,
				7940BD561E53180400681A62 /* Headers */,
				7940BD571E53180400681A62 /* Resources */,
			);
			buildRules = (
			);
			dependencies = (
			);
			name = Friends;
			productName = Friends;
			productReference = 7940BD591E53180400681A62 /* Friends.framework */;
			productType = "com.apple.product-type.framework";
		};
		7940BD611E53180400681A62 /* FriendsTests */ = {
			isa = PBXNativeTarget;
			buildConfigurationList = 7940BD701E53180400681A62 /* Build configuration list for PBXNativeTarget "FriendsTests" */;
			buildPhases = (
				7940BD5E1E53180400681A62 /* Sources */,
				7940BD5F1E53180400681A62 /* Frameworks */,
				7940BD601E53180400681A62 /* Resources */,
			);
			buildRules = (
			);
			dependencies = (
				7940BD651E53180400681A62 /* PBXTargetDependency */,
			);
			name = FriendsTests;
			productName = FriendsTests;
			productReference = 7940BD621E53180400681A62 /* FriendsTests.xctest */;
			productType = "com.apple.product-type.bundle.unit-test";
		};
/* End PBXNativeTarget section */

/* Begin PBXProject section */
		7940BD501E53180300681A62 /* Project object */ = {
			isa = PBXProject;
			attributes = {
				LastSwiftUpdateCheck = 0820;
				LastUpgradeCheck = 0820;
				ORGANIZATIONNAME = crazism.net;
				TargetAttributes = {
					7940BD581E53180400681A62 = {
						CreatedOnToolsVersion = 8.2.1;
						DevelopmentTeam = KC8N9BMQJY;
						LastSwiftMigration = 0820;
						ProvisioningStyle = Automatic;
					};
					7940BD611E53180400681A62 = {
						CreatedOnToolsVersion = 8.2.1;
						DevelopmentTeam = KC8N9BMQJY;
						ProvisioningStyle = Automatic;
					};
				};
			};
			buildConfigurationList = 7940BD531E53180300681A62 /* Build configuration list for PBXProject "Friends" */;
			compatibilityVersion = "Xcode 3.2";
			developmentRegion = English;
			hasScannedForEncodings = 0;
			knownRegions = (
				en,
			);
			mainGroup = 7940BD4F1E53180300681A62;
			productRefGroup = 7940BD5A1E53180400681A62 /* Products */;
			projectDirPath = "";
			projectRoot = "";
			targets = (
				7940BD581E53180400681A62 /* Friends */,
				7940BD611E53180400681A62 /* FriendsTests */,
			);
		};
/* End PBXProject section */

/* Begin PBXResourcesBuildPhase section */
		7940BD571E53180400681A62 /* Resources */ = {
			isa = PBXResourcesBuildPhase;
			buildActionMask = 2147483647;
			files = (
			);
			runOnlyForDeploymentPostprocessing = 0;
		};
		7940BD601E53180400681A62 /* Resources */ = {
			isa = PBXResourcesBuildPhase;
			buildActionMask = 2147483647;
			files = (
			);
			runOnlyForDeploymentPostprocessing = 0;
		};
/* End PBXResourcesBuildPhase section */

/* Begin PBXSourcesBuildPhase section */
		7940BD541E53180400681A62 /* Sources */ = {
			isa = PBXSourcesBuildPhase;
			buildActionMask = 2147483647;
			files = (
				7940BD781E53186F00681A62 /* Message.swift in Sources */,
				7940BD761E53185200681A62 /* Serval.swift in Sources */,
				7940BD741E53181A00681A62 /* FriendsType.swift in Sources */,
			);
			runOnlyForDeploymentPostprocessing = 0;
		};
		7940BD5E1E53180400681A62 /* Sources */ = {
			isa = PBXSourcesBuildPhase;
			buildActionMask = 2147483647;
			files = (
				7940BD681E53180400681A62 /* FriendsTests.swift in Sources */,
			);
			runOnlyForDeploymentPostprocessing = 0;
		};
/* End PBXSourcesBuildPhase section */

/* Begin PBXTargetDependency section */
		7940BD651E53180400681A62 /* PBXTargetDependency */ = {
			isa = PBXTargetDependency;
			target = 7940BD581E53180400681A62 /* Friends */;
			targetProxy = 7940BD641E53180400681A62 /* PBXContainerItemProxy */;
		};
/* End PBXTargetDependency section */

/* Begin XCBuildConfiguration section */
		7940BD6B1E53180400681A62 /* Debug */ = {
			isa = XCBuildConfiguration;
			buildSettings = {
				ALWAYS_SEARCH_USER_PATHS = NO;
				CLANG_ANALYZER_NONNULL = YES;
				CLANG_CXX_LANGUAGE_STANDARD = "gnu++0x";
				CLANG_CXX_LIBRARY = "libc++";
				CLANG_ENABLE_MODULES = YES;
				CLANG_ENABLE_OBJC_ARC = YES;
				CLANG_WARN_BOOL_CONVERSION = YES;
				CLANG_WARN_CONSTANT_CONVERSION = YES;
				CLANG_WARN_DIRECT_OBJC_ISA_USAGE = YES_ERROR;
				CLANG_WARN_DOCUMENTATION_COMMENTS = YES;
				CLANG_WARN_EMPTY_BODY = YES;
				CLANG_WARN_ENUM_CONVERSION = YES;
				CLANG_WARN_INFINITE_RECURSION = YES;
				CLANG_WARN_INT_CONVERSION = YES;
				CLANG_WARN_OBJC_ROOT_CLASS = YES_ERROR;
				CLANG_WARN_SUSPICIOUS_MOVE = YES;
				CLANG_WARN_UNREACHABLE_CODE = YES;
				CLANG_WARN__DUPLICATE_METHOD_MATCH = YES;
				"CODE_SIGN_IDENTITY[sdk=iphoneos*]" = "iPhone Developer";
				COPY_PHASE_STRIP = NO;
				CURRENT_PROJECT_VERSION = 1;
				DEBUG_INFORMATION_FORMAT = dwarf;
				ENABLE_STRICT_OBJC_MSGSEND = YES;
				ENABLE_TESTABILITY = YES;
				GCC_C_LANGUAGE_STANDARD = gnu99;
				GCC_DYNAMIC_NO_PIC = NO;
				GCC_NO_COMMON_BLOCKS = YES;
				GCC_OPTIMIZATION_LEVEL = 0;
				GCC_PREPROCESSOR_DEFINITIONS = (
					"DEBUG=1",
					"$(inherited)",
				);
				GCC_WARN_64_TO_32_BIT_CONVERSION = YES;
				GCC_WARN_ABOUT_RETURN_TYPE = YES_ERROR;
				GCC_WARN_UNDECLARED_SELECTOR = YES;
				GCC_WARN_UNINITIALIZED_AUTOS = YES_AGGRESSIVE;
				GCC_WARN_UNUSED_FUNCTION = YES;
				GCC_WARN_UNUSED_VARIABLE = YES;
				IPHONEOS_DEPLOYMENT_TARGET = 10.2;
				MTL_ENABLE_DEBUG_INFO = YES;
				ONLY_ACTIVE_ARCH = YES;
				SDKROOT = iphoneos;
				SWIFT_ACTIVE_COMPILATION_CONDITIONS = DEBUG;
				SWIFT_OPTIMIZATION_LEVEL = "-Onone";
				TARGETED_DEVICE_FAMILY = "1,2";
				VERSIONING_SYSTEM = "apple-generic";
				VERSION_INFO_PREFIX = "";
			};
			name = Debug;
		};
		7940BD6C1E53180400681A62 /* Release */ = {
			isa = XCBuildConfiguration;
			buildSettings = {
				ALWAYS_SEARCH_USER_PATHS = NO;
				CLANG_ANALYZER_NONNULL = YES;
				CLANG_CXX_LANGUAGE_STANDARD = "gnu++0x";
				CLANG_CXX_LIBRARY = "libc++";
				CLANG_ENABLE_MODULES = YES;
				CLANG_ENABLE_OBJC_ARC = YES;
				CLANG_WARN_BOOL_CONVERSION = YES;
				CLANG_WARN_CONSTANT_CONVERSION = YES;
				CLANG_WARN_DIRECT_OBJC_ISA_USAGE = YES_ERROR;
				CLANG_WARN_DOCUMENTATION_COMMENTS = YES;
				CLANG_WARN_EMPTY_BODY = YES;
				CLANG_WARN_ENUM_CONVERSION = YES;
				CLANG_WARN_INFINITE_RECURSION = YES;
				CLANG_WARN_INT_CONVERSION = YES;
				CLANG_WARN_OBJC_ROOT_CLASS = YES_ERROR;
				CLANG_WARN_SUSPICIOUS_MOVE = YES;
				CLANG_WARN_UNREACHABLE_CODE = YES;
				CLANG_WARN__DUPLICATE_METHOD_MATCH = YES;
				"CODE_SIGN_IDENTITY[sdk=iphoneos*]" = "iPhone Developer";
				COPY_PHASE_STRIP = NO;
				CURRENT_PROJECT_VERSION = 1;
				DEBUG_INFORMATION_FORMAT = "dwarf-with-dsym";
				ENABLE_NS_ASSERTIONS = NO;
				ENABLE_STRICT_OBJC_MSGSEND = YES;
				GCC_C_LANGUAGE_STANDARD = gnu99;
				GCC_NO_COMMON_BLOCKS = YES;
				GCC_WARN_64_TO_32_BIT_CONVERSION = YES;
				GCC_WARN_ABOUT_RETURN_TYPE = YES_ERROR;
				GCC_WARN_UNDECLARED_SELECTOR = YES;
				GCC_WARN_UNINITIALIZED_AUTOS = YES_AGGRESSIVE;
				GCC_WARN_UNUSED_FUNCTION = YES;
				GCC_WARN_UNUSED_VARIABLE = YES;
				IPHONEOS_DEPLOYMENT_TARGET = 10.2;
				MTL_ENABLE_DEBUG_INFO = NO;
				SDKROOT = iphoneos;
				SWIFT_OPTIMIZATION_LEVEL = "-Owholemodule";
				TARGETED_DEVICE_FAMILY = "1,2";
				VALIDATE_PRODUCT = YES;
				VERSIONING_SYSTEM = "apple-generic";
				VERSION_INFO_PREFIX = "";
			};
			name = Release;
		};
		7940BD6E1E53180400681A62 /* Debug */ = {
			isa = XCBuildConfiguration;
			buildSettings = {
				CLANG_ENABLE_MODULES = YES;
				CODE_SIGN_IDENTITY = "";
				DEFINES_MODULE = YES;
				DEVELOPMENT_TEAM = KC8N9BMQJY;
				DYLIB_COMPATIBILITY_VERSION = 1;
				DYLIB_CURRENT_VERSION = 1;
				DYLIB_INSTALL_NAME_BASE = "@rpath";
				INFOPLIST_FILE = Friends/Info.plist;
				INSTALL_PATH = "$(LOCAL_LIBRARY_DIR)/Frameworks";
				LD_RUNPATH_SEARCH_PATHS = "$(inherited) @executable_path/Frameworks @loader_path/Frameworks";
				PRODUCT_BUNDLE_IDENTIFIER = net.crazism.Friends;
				PRODUCT_NAME = "$(TARGET_NAME)";
				SKIP_INSTALL = YES;
				SWIFT_OPTIMIZATION_LEVEL = "-Onone";
				SWIFT_VERSION = 3.0;
			};
			name = Debug;
		};
		7940BD6F1E53180400681A62 /* Release */ = {
			isa = XCBuildConfiguration;
			buildSettings = {
				CLANG_ENABLE_MODULES = YES;
				CODE_SIGN_IDENTITY = "";
				DEFINES_MODULE = YES;
				DEVELOPMENT_TEAM = KC8N9BMQJY;
				DYLIB_COMPATIBILITY_VERSION = 1;
				DYLIB_CURRENT_VERSION = 1;
				DYLIB_INSTALL_NAME_BASE = "@rpath";
				INFOPLIST_FILE = Friends/Info.plist;
				INSTALL_PATH = "$(LOCAL_LIBRARY_DIR)/Frameworks";
				LD_RUNPATH_SEARCH_PATHS = "$(inherited) @executable_path/Frameworks @loader_path/Frameworks";
				PRODUCT_BUNDLE_IDENTIFIER = net.crazism.Friends;
				PRODUCT_NAME = "$(TARGET_NAME)";
				SKIP_INSTALL = YES;
				SWIFT_VERSION = 3.0;
			};
			name = Release;
		};
		7940BD711E53180400681A62 /* Debug */ = {
			isa = XCBuildConfiguration;
			buildSettings = {
				ALWAYS_EMBED_SWIFT_STANDARD_LIBRARIES = YES;
				DEVELOPMENT_TEAM = KC8N9BMQJY;
				INFOPLIST_FILE = FriendsTests/Info.plist;
				LD_RUNPATH_SEARCH_PATHS = "$(inherited) @executable_path/Frameworks @loader_path/Frameworks";
				PRODUCT_BUNDLE_IDENTIFIER = net.crazism.FriendsTests;
				PRODUCT_NAME = "$(TARGET_NAME)";
				SWIFT_VERSION = 3.0;
			};
			name = Debug;
		};
		7940BD721E53180400681A62 /* Release */ = {
			isa = XCBuildConfiguration;
			buildSettings = {
				ALWAYS_EMBED_SWIFT_STANDARD_LIBRARIES = YES;
				DEVELOPMENT_TEAM = KC8N9BMQJY;
				INFOPLIST_FILE = FriendsTests/Info.plist;
				LD_RUNPATH_SEARCH_PATHS = "$(inherited) @executable_path/Frameworks @loader_path/Frameworks";
				PRODUCT_BUNDLE_IDENTIFIER = net.crazism.FriendsTests;
				PRODUCT_NAME = "$(TARGET_NAME)";
				SWIFT_VERSION = 3.0;
			};
			name = Release;
		};
/* End XCBuildConfiguration section */

/* Begin XCConfigurationList section */
		7940BD531E53180300681A62 /* Build configuration list for PBXProject "Friends" */ = {
			isa = XCConfigurationList;
			buildConfigurations = (
				7940BD6B1E53180400681A62 /* Debug */,
				7940BD6C1E53180400681A62 /* Release */,
			);
			defaultConfigurationIsVisible = 0;
			defaultConfigurationName = Release;
		};
		7940BD6D1E53180400681A62 /* Build configuration list for PBXNativeTarget "Friends" */ = {
			isa = XCConfigurationList;
			buildConfigurations = (
				7940BD6E1E53180400681A62 /* Debug */,
				7940BD6F1E53180400681A62 /* Release */,
			);
			defaultConfigurationIsVisible = 0;
		};
		7940BD701E53180400681A62 /* Build configuration list for PBXNativeTarget "FriendsTests" */ = {
			isa = XCConfigurationList;
			buildConfigurations = (
				7940BD711E53180400681A62 /* Debug */,
				7940BD721E53180400681A62 /* Release */,
			);
			defaultConfigurationIsVisible = 0;
		};
/* End XCConfigurationList section */
	};
	rootObject = 7940BD501E53180300681A62 /* Project object */;
}
